
Microsoft Visual Studio Solution File, Format Version 12.00
# Visual Studio Version 17
VisualStudioVersion = 17.8.34511.84
MinimumVisualStudioVersion = 10.0.40219.1
Project("{FAE04EC0-301F-11D3-BF4B-00C04F79EFBC}") = "AdvLab_WebApis", "AdvLab_WebApis\AdvLab_WebApis.csproj", "{5257A1A6-BFCB-4FB0-AAE9-2DD99662171F}"
EndProject
Global
	GlobalSection(SolutionConfigurationPlatforms) = preSolution
		Debug|Any CPU = Debug|Any CPU
		Release|Any CPU = Release|Any CPU
	EndGlobalSection
	GlobalSection(ProjectConfigurationPlatforms) = postSolution
		{5257A1A6-BFCB-4FB0-AAE9-2DD99662171F}.Debug|Any CPU.ActiveCfg = Debug|Any CPU
		{5257A1A6-BFCB-4FB0-AAE9-2DD99662171F}.Debug|Any CPU.Build.0 = Debug|Any CPU
		{5257A1A6-BFCB-4FB0-AAE9-2DD99662171F}.Release|Any CPU.ActiveCfg = Release|Any CPU
		{5257A1A6-BFCB-4FB0-AAE9-2DD99662171F}.Release|Any CPU.Build.0 = Release|Any CPU
	EndGlobalSection
	GlobalSection(SolutionProperties) = preSolution
		HideSolutionNode = FALSE
	EndGlobalSection
	GlobalSection(ExtensibilityGlobals) = postSolution
		SolutionGuid = {68408FCC-0D0D-4C7C-8703-C5C7C87D9CDC}
	EndGlobalSection
EndGlobal
