
Microsoft Visual Studio Solution File, Format Version 12.00
# Visual Studio Version 17
VisualStudioVersion = 17.8.34511.84
MinimumVisualStudioVersion = 10.0.40219.1
Project("{FAE04EC0-301F-11D3-BF4B-00C04F79EFBC}") = "Testing_Project", "Testing_Project\Testing_Project.csproj", "{04BF14C1-0AD6-432D-AB0D-B095BCE87A0B}"
EndProject
Global
	GlobalSection(SolutionConfigurationPlatforms) = preSolution
		Debug|Any CPU = Debug|Any CPU
		Release|Any CPU = Release|Any CPU
	EndGlobalSection
	GlobalSection(ProjectConfigurationPlatforms) = postSolution
		{04BF14C1-0AD6-432D-AB0D-B095BCE87A0B}.Debug|Any CPU.ActiveCfg = Debug|Any CPU
		{04BF14C1-0AD6-432D-AB0D-B095BCE87A0B}.Debug|Any CPU.Build.0 = Debug|Any CPU
		{04BF14C1-0AD6-432D-AB0D-B095BCE87A0B}.Release|Any CPU.ActiveCfg = Release|Any CPU
		{04BF14C1-0AD6-432D-AB0D-B095BCE87A0B}.Release|Any CPU.Build.0 = Release|Any CPU
	EndGlobalSection
	GlobalSection(SolutionProperties) = preSolution
		HideSolutionNode = FALSE
	EndGlobalSection
	GlobalSection(ExtensibilityGlobals) = postSolution
		SolutionGuid = {ABA41D50-6CF1-4EE5-89A4-21FDD9981233}
	EndGlobalSection
EndGlobal
